source_config: C:\Users\Julia\OneDrive\Desktop\coding\ASIoP\ML ZDC all\configs\default.yaml
data_path: C:\Users\Julia\OneDrive\Desktop\coding\ASIoP\ML ZDC all\myTree_20251117_765k_0to300GeV_neutron_All.root
tree_name: myTree
branch_mapping:
  ecal_x: ecal_posX
  ecal_y: ecal_posY
  ecal_z: ecal_posZ
  ecal_signal: ecal_energy
  hcal_x: hcal_posX
  hcal_y: hcal_posY
  hcal_z: hcal_posZ
  hcal_signal: hcal_energy
  truth_pdg: mcPar_PDG
  truth_energy: mcPar_energy
  truth_px: mcPar_momX
  truth_py: mcPar_momY
  truth_pz: mcPar_momZ
  ecal_cell_id: ecal_cellID
  hcal_cell_id: hcal_cellID
  hcal_layer_id: hcal_LayerID
truth_energy_convention:
  semantics: total
  energy_scale_to_gev: 1.0
  momentum_scale_to_gev: 1.0
  median_relative_residual: 2.4818958903329016e-12
  p99_relative_residual: 6.64186869907458e-09
  second_best_score_ratio: 93458924.70594324
position_scale_to_cm: 0.1
detector_frame:
  origin:
  - -90.84772338867188
  - -1.5149999618530274
  - 3572.5453125000004
  x_axis:
  - 2.8386866559830266e-05
  - 0.9999962305248008
  - -0.0027455655838815353
  y_axis:
  - -0.9999465550770869
  - 0.0
  - -0.010338616419355578
  z_axis:
  - -0.01033857744819739
  - 0.002745712328265261
  - 0.9999427858033467
  ecal_z_bounds:
  - -3.473609836953776
  - 3.526390163046224
  hcal_z_bounds:
  - 5.476841899636298
  - 168.4768418996363
hit_signal_scale_to_gev:
  ecal: 1.0
  hcal: 1.0
requires_human_or_documented_signal_unit_resolution: false
